
Microsoft Visual Studio Solution File, Format Version 12.00
# Visual Studio 15
VisualStudioVersion = 15.0.27703.2000
MinimumVisualStudioVersion = 10.0.40219.1
Project("{FAE04EC0-301F-11D3-BF4B-00C04F79EFBC}") = "AutoPark", "AutoPark\AutoPark.csproj", "{672D83E4-103D-4434-88AA-3C3BE4D11148}"
EndProject
Project("{FAE04EC0-301F-11D3-BF4B-00C04F79EFBC}") = "AutoPark.Lib", "AutoPark.Lib\AutoPark.Lib.csproj", "{98A51A44-85CB-4C44-A210-C6F63C33F1DA}"
EndProject
Global
	GlobalSection(SolutionConfigurationPlatforms) = preSolution
		Debug|Any CPU = Debug|Any CPU
		Release|Any CPU = Release|Any CPU
	EndGlobalSection
	GlobalSection(ProjectConfigurationPlatforms) = postSolution
		{672D83E4-103D-4434-88AA-3C3BE4D11148}.Debug|Any CPU.ActiveCfg = Debug|Any CPU
		{672D83E4-103D-4434-88AA-3C3BE4D11148}.Debug|Any CPU.Build.0 = Debug|Any CPU
		{672D83E4-103D-4434-88AA-3C3BE4D11148}.Release|Any CPU.ActiveCfg = Release|Any CPU
		{672D83E4-103D-4434-88AA-3C3BE4D11148}.Release|Any CPU.Build.0 = Release|Any CPU
		{98A51A44-85CB-4C44-A210-C6F63C33F1DA}.Debug|Any CPU.ActiveCfg = Debug|Any CPU
		{98A51A44-85CB-4C44-A210-C6F63C33F1DA}.Debug|Any CPU.Build.0 = Debug|Any CPU
		{98A51A44-85CB-4C44-A210-C6F63C33F1DA}.Release|Any CPU.ActiveCfg = Release|Any CPU
		{98A51A44-85CB-4C44-A210-C6F63C33F1DA}.Release|Any CPU.Build.0 = Release|Any CPU
	EndGlobalSection
	GlobalSection(SolutionProperties) = preSolution
		HideSolutionNode = FALSE
	EndGlobalSection
	GlobalSection(ExtensibilityGlobals) = postSolution
		SolutionGuid = {FC53D94F-F79D-4F8D-9723-76BB533F144F}
	EndGlobalSection
EndGlobal
